// !$*UTF8*$!
{
	archiveVersion = 1;
	classes = {
	};
	objectVersion = 50;
	objects = {

/* Begin PBXBuildFile section */
		7C5D544922DD184600FE9752 /* AppDelegate.swift in Sources */ = {isa = PBXBuildFile; fileRef = 7C5D544822DD184600FE9752 /* AppDelegate.swift */; };
		7C5D544E22DD184600FE9752 /* Main.storyboard in Resources */ = {isa = PBXBuildFile; fileRef = 7C5D544C22DD184600FE9752 /* Main.storyboard */; };
		7C5D545022DD184800FE9752 /* Assets.xcassets in Resources */ = {isa = PBXBuildFile; fileRef = 7C5D544F22DD184800FE9752 /* Assets.xcassets */; };
		7C5D545322DD184800FE9752 /* LaunchScreen.storyboard in Resources */ = {isa = PBXBuildFile; fileRef = 7C5D545122DD184800FE9752 /* LaunchScreen.storyboard */; };
		7C5D546222DD22DA00FE9752 /* CalculatorViewController.swift in Sources */ = {isa = PBXBuildFile; fileRef = 7C5D546122DD22DA00FE9752 /* CalculatorViewController.swift */; };
		7C5D546422DD258800FE9752 /* CalculatorUIView.swift in Sources */ = {isa = PBXBuildFile; fileRef = 7C5D546322DD258800FE9752 /* CalculatorUIView.swift */; };
		7C5D546722DD2FA600FE9752 /* runescape_uf.ttf in Resources */ = {isa = PBXBuildFile; fileRef = 7C5D546622DD2FA600FE9752 /* runescape_uf.ttf */; };
		7C5D546A22DD336200FE9752 /* Levels.swift in Sources */ = {isa = PBXBuildFile; fileRef = 7C5D546922DD336200FE9752 /* Levels.swift */; };
/* End PBXBuildFile section */

/* Begin PBXFileReference section */
		7C5D544522DD184600FE9752 /* Calculator.app */ = {isa = PBXFileReference; explicitFileType = wrapper.application; includeInIndex = 0; path = Calculator.app; sourceTree = BUILT_PRODUCTS_DIR; };
		7C5D544822DD184600FE9752 /* AppDelegate.swift */ = {isa = PBXFileReference; lastKnownFileType = sourcecode.swift; path = AppDelegate.swift; sourceTree = "<group>"; };
		7C5D544D22DD184600FE9752 /* Base */ = {isa = PBXFileReference; lastKnownFileType = file.storyboard; name = Base; path = Base.lproj/Main.storyboard; sourceTree = "<group>"; };
		7C5D544F22DD184800FE9752 /* Assets.xcassets */ = {isa = PBXFileReference; lastKnownFileType = folder.assetcatalog; path = Assets.xcassets; sourceTree = "<group>"; };
		7C5D545222DD184800FE9752 /* Base */ = {isa = PBXFileReference; lastKnownFileType = file.storyboard; name = Base; path = Base.lproj/LaunchScreen.storyboard; sourceTree = "<group>"; };
		7C5D545422DD184800FE9752 /* Info.plist */ = {isa = PBXFileReference; lastKnownFileType = text.plist.xml; path = Info.plist; sourceTree = "<group>"; };
		7C5D546122DD22DA00FE9752 /* CalculatorViewController.swift */ = {isa = PBXFileReference; lastKnownFileType = sourcecode.swift; path = CalculatorViewController.swift; sourceTree = "<group>"; };
		7C5D546322DD258800FE9752 /* CalculatorUIView.swift */ = {isa = PBXFileReference; lastKnownFileType = sourcecode.swift; path = CalculatorUIView.swift; sourceTree = "<group>"; };
		7C5D546622DD2FA600FE9752 /* runescape_uf.ttf */ = {isa = PBXFileReference; lastKnownFileType = file; name = runescape_uf.ttf; path = ../../../../../../../../../Downloads/runescape_uf.ttf; sourceTree = "<group>"; };
		7C5D546922DD336200FE9752 /* Levels.swift */ = {isa = PBXFileReference; lastKnownFileType = sourcecode.swift; path = Levels.swift; sourceTree = "<group>"; };
/* End PBXFileReference section */

/* Begin PBXFrameworksBuildPhase section */
		7C5D544222DD184600FE9752 /* Frameworks */ = {
			isa = PBXFrameworksBuildPhase;
			buildActionMask = 2147483647;
			files = (
			);
			runOnlyForDeploymentPostprocessing = 0;
		};
/* End PBXFrameworksBuildPhase section */

/* Begin PBXGroup section */
		7C5D543C22DD184600FE9752 = {
			isa = PBXGroup;
			children = (
				7C5D544722DD184600FE9752 /* Calculator */,
				7C5D544622DD184600FE9752 /* Products */,
			);
			sourceTree = "<group>";
		};
		7C5D544622DD184600FE9752 /* Products */ = {
			isa = PBXGroup;
			children = (
				7C5D544522DD184600FE9752 /* Calculator.app */,
			);
			name = Products;
			sourceTree = "<group>";
		};
		7C5D544722DD184600FE9752 /* Calculator */ = {
			isa = PBXGroup;
			children = (
				7C5D546822DD335700FE9752 /* Level Helper */,
				7C5D546022DD1F5500FE9752 /* Custom UI */,
				7C5D545D22DD1D5D00FE9752 /* Storyboards */,
				7C5D545C22DD1D5100FE9752 /* View Controller */,
				7C5D545B22DD1CDE00FE9752 /* Resources */,
			);
			path = Calculator;
			sourceTree = "<group>";
		};
		7C5D545B22DD1CDE00FE9752 /* Resources */ = {
			isa = PBXGroup;
			children = (
				7C5D544822DD184600FE9752 /* AppDelegate.swift */,
				7C5D544F22DD184800FE9752 /* Assets.xcassets */,
				7C5D545122DD184800FE9752 /* LaunchScreen.storyboard */,
				7C5D545422DD184800FE9752 /* Info.plist */,
				7C5D546522DD2F0E00FE9752 /* Fonts */,
			);
			path = Resources;
			sourceTree = "<group>";
		};
		7C5D545C22DD1D5100FE9752 /* View Controller */ = {
			isa = PBXGroup;
			children = (
				7C5D546122DD22DA00FE9752 /* CalculatorViewController.swift */,
			);
			path = "View Controller";
			sourceTree = "<group>";
		};
		7C5D545D22DD1D5D00FE9752 /* Storyboards */ = {
			isa = PBXGroup;
			children = (
				7C5D544C22DD184600FE9752 /* Main.storyboard */,
			);
			path = Storyboards;
			sourceTree = "<group>";
		};
		7C5D546022DD1F5500FE9752 /* Custom UI */ = {
			isa = PBXGroup;
			children = (
				7C5D546322DD258800FE9752 /* CalculatorUIView.swift */,
			);
			path = "Custom UI";
			sourceTree = "<group>";
		};
		7C5D546522DD2F0E00FE9752 /* Fonts */ = {
			isa = PBXGroup;
			children = (
				7C5D546622DD2FA600FE9752 /* runescape_uf.ttf */,
			);
			path = Fonts;
			sourceTree = "<group>";
		};
		7C5D546822DD335700FE9752 /* Level Helper */ = {
			isa = PBXGroup;
			children = (
				7C5D546922DD336200FE9752 /* Levels.swift */,
			);
			path = "Level Helper";
			sourceTree = "<group>";
		};
/* End PBXGroup section */

/* Begin PBXNativeTarget section */
		7C5D544422DD184600FE9752 /* Calculator */ = {
			isa = PBXNativeTarget;
			buildConfigurationList = 7C5D545722DD184800FE9752 /* Build configuration list for PBXNativeTarget "Calculator" */;
			buildPhases = (
				7C5D544122DD184600FE9752 /* Sources */,
				7C5D544222DD184600FE9752 /* Frameworks */,
				7C5D544322DD184600FE9752 /* Resources */,
			);
			buildRules = (
			);
			dependencies = (
			);
			name = Calculator;
			productName = Calculator;
			productReference = 7C5D544522DD184600FE9752 /* Calculator.app */;
			productType = "com.apple.product-type.application";
		};
/* End PBXNativeTarget section */

/* Begin PBXProject section */
		7C5D543D22DD184600FE9752 /* Project object */ = {
			isa = PBXProject;
			attributes = {
				LastSwiftUpdateCheck = 1020;
				LastUpgradeCheck = 1020;
				ORGANIZATIONNAME = "Nic Gibson";
				TargetAttributes = {
					7C5D544422DD184600FE9752 = {
						CreatedOnToolsVersion = 10.2.1;
					};
				};
			};
			buildConfigurationList = 7C5D544022DD184600FE9752 /* Build configuration list for PBXProject "Calculator" */;
			compatibilityVersion = "Xcode 9.3";
			developmentRegion = en;
			hasScannedForEncodings = 0;
			knownRegions = (
				en,
				Base,
			);
			mainGroup = 7C5D543C22DD184600FE9752;
			productRefGroup = 7C5D544622DD184600FE9752 /* Products */;
			projectDirPath = "";
			projectRoot = "";
			targets = (
				7C5D544422DD184600FE9752 /* Calculator */,
			);
		};
/* End PBXProject section */

/* Begin PBXResourcesBuildPhase section */
		7C5D544322DD184600FE9752 /* Resources */ = {
			isa = PBXResourcesBuildPhase;
			buildActionMask = 2147483647;
			files = (
				7C5D546722DD2FA600FE9752 /* runescape_uf.ttf in Resources */,
				7C5D545322DD184800FE9752 /* LaunchScreen.storyboard in Resources */,
				7C5D545022DD184800FE9752 /* Assets.xcassets in Resources */,
				7C5D544E22DD184600FE9752 /* Main.storyboard in Resources */,
			);
			runOnlyForDeploymentPostprocessing = 0;
		};
/* End PBXResourcesBuildPhase section */

/* Begin PBXSourcesBuildPhase section */
		7C5D544122DD184600FE9752 /* Sources */ = {
			isa = PBXSourcesBuildPhase;
			buildActionMask = 2147483647;
			files = (
				7C5D546222DD22DA00FE9752 /* CalculatorViewController.swift in Sources */,
				7C5D544922DD184600FE9752 /* AppDelegate.swift in Sources */,
				7C5D546A22DD336200FE9752 /* Levels.swift in Sources */,
				7C5D546422DD258800FE9752 /* CalculatorUIView.swift in Sources */,
			);
			runOnlyForDeploymentPostprocessing = 0;
		};
/* End PBXSourcesBuildPhase section */

/* Begin PBXVariantGroup section */
		7C5D544C22DD184600FE9752 /* Main.storyboard */ = {
			isa = PBXVariantGroup;
			children = (
				7C5D544D22DD184600FE9752 /* Base */,
			);
			name = Main.storyboard;
			sourceTree = "<group>";
		};
		7C5D545122DD184800FE9752 /* LaunchScreen.storyboard */ = {
			isa = PBXVariantGroup;
			children = (
				7C5D545222DD184800FE9752 /* Base */,
			);
			name = LaunchScreen.storyboard;
			sourceTree = "<group>";
		};
/* End PBXVariantGroup section */

/* Begin XCBuildConfiguration section */
		7C5D545522DD184800FE9752 /* Debug */ = {
			isa = XCBuildConfiguration;
			buildSettings = {
				ALWAYS_SEARCH_USER_PATHS = NO;
				CLANG_ANALYZER_NONNULL = YES;
				CLANG_ANALYZER_NUMBER_OBJECT_CONVERSION = YES_AGGRESSIVE;
				CLANG_CXX_LANGUAGE_STANDARD = "gnu++14";
				CLANG_CXX_LIBRARY = "libc++";
				CLANG_ENABLE_MODULES = YES;
				CLANG_ENABLE_OBJC_ARC = YES;
				CLANG_ENABLE_OBJC_WEAK = YES;
				CLANG_WARN_BLOCK_CAPTURE_AUTORELEASING = YES;
				CLANG_WARN_BOOL_CONVERSION = YES;
				CLANG_WARN_COMMA = YES;
				CLANG_WARN_CONSTANT_CONVERSION = YES;
				CLANG_WARN_DEPRECATED_OBJC_IMPLEMENTATIONS = YES;
				CLANG_WARN_DIRECT_OBJC_ISA_USAGE = YES_ERROR;
				CLANG_WARN_DOCUMENTATION_COMMENTS = YES;
				CLANG_WARN_EMPTY_BODY = YES;
				CLANG_WARN_ENUM_CONVERSION = YES;
				CLANG_WARN_INFINITE_RECURSION = YES;
				CLANG_WARN_INT_CONVERSION = YES;
				CLANG_WARN_NON_LITERAL_NULL_CONVERSION = YES;
				CLANG_WARN_OBJC_IMPLICIT_RETAIN_SELF = YES;
				CLANG_WARN_OBJC_LITERAL_CONVERSION = YES;
				CLANG_WARN_OBJC_ROOT_CLASS = YES_ERROR;
				CLANG_WARN_RANGE_LOOP_ANALYSIS = YES;
				CLANG_WARN_STRICT_PROTOTYPES = YES;
				CLANG_WARN_SUSPICIOUS_MOVE = YES;
				CLANG_WARN_UNGUARDED_AVAILABILITY = YES_AGGRESSIVE;
				CLANG_WARN_UNREACHABLE_CODE = YES;
				CLANG_WARN__DUPLICATE_METHOD_MATCH = YES;
				CODE_SIGN_IDENTITY = "iPhone Developer";
				COPY_PHASE_STRIP = NO;
				DEBUG_INFORMATION_FORMAT = dwarf;
				ENABLE_STRICT_OBJC_MSGSEND = YES;
				ENABLE_TESTABILITY = YES;
				GCC_C_LANGUAGE_STANDARD = gnu11;
				GCC_DYNAMIC_NO_PIC = NO;
				GCC_NO_COMMON_BLOCKS = YES;
				GCC_OPTIMIZATION_LEVEL = 0;
				GCC_PREPROCESSOR_DEFINITIONS = (
					"DEBUG=1",
					"$(inherited)",
				);
				GCC_WARN_64_TO_32_BIT_CONVERSION = YES;
				GCC_WARN_ABOUT_RETURN_TYPE = YES_ERROR;
				GCC_WARN_UNDECLARED_SELECTOR = YES;
				GCC_WARN_UNINITIALIZED_AUTOS = YES_AGGRESSIVE;
				GCC_WARN_UNUSED_FUNCTION = YES;
				GCC_WARN_UNUSED_VARIABLE = YES;
				IPHONEOS_DEPLOYMENT_TARGET = 12.2;
				MTL_ENABLE_DEBUG_INFO = INCLUDE_SOURCE;
				MTL_FAST_MATH = YES;
				ONLY_ACTIVE_ARCH = YES;
				SDKROOT = iphoneos;
				SWIFT_ACTIVE_COMPILATION_CONDITIONS = DEBUG;
				SWIFT_OPTIMIZATION_LEVEL = "-Onone";
			};
			name = Debug;
		};
		7C5D545622DD184800FE9752 /* Release */ = {
			isa = XCBuildConfiguration;
			buildSettings = {
				ALWAYS_SEARCH_USER_PATHS = NO;
				CLANG_ANALYZER_NONNULL = YES;
				CLANG_ANALYZER_NUMBER_OBJECT_CONVERSION = YES_AGGRESSIVE;
				CLANG_CXX_LANGUAGE_STANDARD = "gnu++14";
				CLANG_CXX_LIBRARY = "libc++";
				CLANG_ENABLE_MODULES = YES;
				CLANG_ENABLE_OBJC_ARC = YES;
				CLANG_ENABLE_OBJC_WEAK = YES;
				CLANG_WARN_BLOCK_CAPTURE_AUTORELEASING = YES;
				CLANG_WARN_BOOL_CONVERSION = YES;
				CLANG_WARN_COMMA = YES;
				CLANG_WARN_CONSTANT_CONVERSION = YES;
				CLANG_WARN_DEPRECATED_OBJC_IMPLEMENTATIONS = YES;
				CLANG_WARN_DIRECT_OBJC_ISA_USAGE = YES_ERROR;
				CLANG_WARN_DOCUMENTATION_COMMENTS = YES;
				CLANG_WARN_EMPTY_BODY = YES;
				CLANG_WARN_ENUM_CONVERSION = YES;
				CLANG_WARN_INFINITE_RECURSION = YES;
				CLANG_WARN_INT_CONVERSION = YES;
				CLANG_WARN_NON_LITERAL_NULL_CONVERSION = YES;
				CLANG_WARN_OBJC_IMPLICIT_RETAIN_SELF = YES;
				CLANG_WARN_OBJC_LITERAL_CONVERSION = YES;
				CLANG_WARN_OBJC_ROOT_CLASS = YES_ERROR;
				CLANG_WARN_RANGE_LOOP_ANALYSIS = YES;
				CLANG_WARN_STRICT_PROTOTYPES = YES;
				CLANG_WARN_SUSPICIOUS_MOVE = YES;
				CLANG_WARN_UNGUARDED_AVAILABILITY = YES_AGGRESSIVE;
				CLANG_WARN_UNREACHABLE_CODE = YES;
				CLANG_WARN__DUPLICATE_METHOD_MATCH = YES;
				CODE_SIGN_IDENTITY = "iPhone Developer";
				COPY_PHASE_STRIP = NO;
				DEBUG_INFORMATION_FORMAT = "dwarf-with-dsym";
				ENABLE_NS_ASSERTIONS = NO;
				ENABLE_STRICT_OBJC_MSGSEND = YES;
				GCC_C_LANGUAGE_STANDARD = gnu11;
				GCC_NO_COMMON_BLOCKS = YES;
				GCC_WARN_64_TO_32_BIT_CONVERSION = YES;
				GCC_WARN_ABOUT_RETURN_TYPE = YES_ERROR;
				GCC_WARN_UNDECLARED_SELECTOR = YES;
				GCC_WARN_UNINITIALIZED_AUTOS = YES_AGGRESSIVE;
				GCC_WARN_UNUSED_FUNCTION = YES;
				GCC_WARN_UNUSED_VARIABLE = YES;
				IPHONEOS_DEPLOYMENT_TARGET = 12.2;
				MTL_ENABLE_DEBUG_INFO = NO;
				MTL_FAST_MATH = YES;
				SDKROOT = iphoneos;
				SWIFT_COMPILATION_MODE = wholemodule;
				SWIFT_OPTIMIZATION_LEVEL = "-O";
				VALIDATE_PRODUCT = YES;
			};
			name = Release;
		};
		7C5D545822DD184800FE9752 /* Debug */ = {
			isa = XCBuildConfiguration;
			buildSettings = {
				ASSETCATALOG_COMPILER_APPICON_NAME = AppIcon;
				CODE_SIGN_STYLE = Automatic;
				DEVELOPMENT_TEAM = 2HLC2FMZN4;
				INFOPLIST_FILE = "$(SRCROOT)/Calculator/Resources/Info.plist";
				LD_RUNPATH_SEARCH_PATHS = (
					"$(inherited)",
					"@executable_path/Frameworks",
				);
				PRODUCT_BUNDLE_IDENTIFIER = com.interactivesportsapps.Calculator;
				PRODUCT_NAME = "$(TARGET_NAME)";
				SWIFT_VERSION = 5.0;
				TARGETED_DEVICE_FAMILY = "1,2";
			};
			name = Debug;
		};
		7C5D545922DD184800FE9752 /* Release */ = {
			isa = XCBuildConfiguration;
			buildSettings = {
				ASSETCATALOG_COMPILER_APPICON_NAME = AppIcon;
				CODE_SIGN_STYLE = Automatic;
				DEVELOPMENT_TEAM = 2HLC2FMZN4;
				INFOPLIST_FILE = "$(SRCROOT)/Calculator/Resources/Info.plist";
				LD_RUNPATH_SEARCH_PATHS = (
					"$(inherited)",
					"@executable_path/Frameworks",
				);
				PRODUCT_BUNDLE_IDENTIFIER = com.interactivesportsapps.Calculator;
				PRODUCT_NAME = "$(TARGET_NAME)";
				SWIFT_VERSION = 5.0;
				TARGETED_DEVICE_FAMILY = "1,2";
			};
			name = Release;
		};
/* End XCBuildConfiguration section */

/* Begin XCConfigurationList section */
		7C5D544022DD184600FE9752 /* Build configuration list for PBXProject "Calculator" */ = {
			isa = XCConfigurationList;
			buildConfigurations = (
				7C5D545522DD184800FE9752 /* Debug */,
				7C5D545622DD184800FE9752 /* Release */,
			);
			defaultConfigurationIsVisible = 0;
			defaultConfigurationName = Release;
		};
		7C5D545722DD184800FE9752 /* Build configuration list for PBXNativeTarget "Calculator" */ = {
			isa = XCConfigurationList;
			buildConfigurations = (
				7C5D545822DD184800FE9752 /* Debug */,
				7C5D545922DD184800FE9752 /* Release */,
			);
			defaultConfigurationIsVisible = 0;
			defaultConfigurationName = Release;
		};
/* End XCConfigurationList section */
	};
	rootObject = 7C5D543D22DD184600FE9752 /* Project object */;
}
